// !$*UTF8*$!
{
	archiveVersion = 1;
	classes = {
	};
	objectVersion = 56;
	objects = {

/* Begin PBXBuildFile section */
		0837745B2BBCD010005E4CBB /* Job.swift in Sources */ = {isa = PBXBuildFile; fileRef = DA4CED3A2BBB422100AC35F6 /* Job.swift */; };
		0837745C2BBCD013005E4CBB /* Story.swift in Sources */ = {isa = PBXBuildFile; fileRef = 08CAB8C92BB0B1F7000CE49D /* Story.swift */; };
		0837745D2BBCD019005E4CBB /* HackerNewsAPI.swift in Sources */ = {isa = PBXBuildFile; fileRef = 08CAB8C52BB0A029000CE49D /* HackerNewsAPI.swift */; };
		0837745E2BBCD01C005E4CBB /* Extensions.swift in Sources */ = {isa = PBXBuildFile; fileRef = DA4CED3C2BBC60C500AC35F6 /* Extensions.swift */; };
		0837745F2BBCD023005E4CBB /* HackerNewsViewModel.swift in Sources */ = {isa = PBXBuildFile; fileRef = 08CAB8C72BB0AC80000CE49D /* HackerNewsViewModel.swift */; };
		083774632BBCE24B005E4CBB /* NextItem.swift in Sources */ = {isa = PBXBuildFile; fileRef = 083774612BBCDFFE005E4CBB /* NextItem.swift */; };
		0872B5F62BC5CB040066FC2B /* SmallWidgetView.swift in Sources */ = {isa = PBXBuildFile; fileRef = 0872B5F42BC5CA8C0066FC2B /* SmallWidgetView.swift */; };
		0872B5FC2BC5F8A40066FC2B /* MediumWidgetView.swift in Sources */ = {isa = PBXBuildFile; fileRef = 0872B5FA2BC5F8550066FC2B /* MediumWidgetView.swift */; };
		08CAB8C62BB0A029000CE49D /* HackerNewsAPI.swift in Sources */ = {isa = PBXBuildFile; fileRef = 08CAB8C52BB0A029000CE49D /* HackerNewsAPI.swift */; };
		08CAB8C82BB0AC80000CE49D /* HackerNewsViewModel.swift in Sources */ = {isa = PBXBuildFile; fileRef = 08CAB8C72BB0AC80000CE49D /* HackerNewsViewModel.swift */; };
		08CAB8CA2BB0B1F7000CE49D /* Story.swift in Sources */ = {isa = PBXBuildFile; fileRef = 08CAB8C92BB0B1F7000CE49D /* Story.swift */; };
		08CAB8D22BB0C170000CE49D /* WidgetKit.framework in Frameworks */ = {isa = PBXBuildFile; fileRef = 08CAB8D12BB0C170000CE49D /* WidgetKit.framework */; };
		08CAB8D42BB0C170000CE49D /* SwiftUI.framework in Frameworks */ = {isa = PBXBuildFile; fileRef = 08CAB8D32BB0C170000CE49D /* SwiftUI.framework */; };
		08CAB8D72BB0C170000CE49D /* HackerWidgetBundle.swift in Sources */ = {isa = PBXBuildFile; fileRef = 08CAB8D62BB0C170000CE49D /* HackerWidgetBundle.swift */; };
		08CAB8DB2BB0C170000CE49D /* HackerWidget.swift in Sources */ = {isa = PBXBuildFile; fileRef = 08CAB8DA2BB0C170000CE49D /* HackerWidget.swift */; };
		08CAB8DD2BB0C170000CE49D /* AppIntent.swift in Sources */ = {isa = PBXBuildFile; fileRef = 08CAB8DC2BB0C170000CE49D /* AppIntent.swift */; };
		08CAB8E32BB0C171000CE49D /* HackerWidgetExtension.appex in Embed Foundation Extensions */ = {isa = PBXBuildFile; fileRef = 08CAB8CF2BB0C170000CE49D /* HackerWidgetExtension.appex */; settings = {ATTRIBUTES = (RemoveHeadersOnCopy, ); }; };
		DA02D0AA2BCED95300E696F1 /* Comment.swift in Sources */ = {isa = PBXBuildFile; fileRef = DA02D0A92BCED95300E696F1 /* Comment.swift */; };
		DA02D0AB2BCED95300E696F1 /* Comment.swift in Sources */ = {isa = PBXBuildFile; fileRef = DA02D0A92BCED95300E696F1 /* Comment.swift */; };
		DA2B3AFC2BFBFDD9000AEA2D /* SelectItemType.swift in Sources */ = {isa = PBXBuildFile; fileRef = DA2B3AFB2BFBFDD9000AEA2D /* SelectItemType.swift */; };
		DA4CECCC2BB09D0C00AC35F6 /* WidgetDigestApp.swift in Sources */ = {isa = PBXBuildFile; fileRef = DA4CECCB2BB09D0C00AC35F6 /* WidgetDigestApp.swift */; };
		DA4CECCE2BB09D0C00AC35F6 /* HomeView.swift in Sources */ = {isa = PBXBuildFile; fileRef = DA4CECCD2BB09D0C00AC35F6 /* HomeView.swift */; };
		DA4CECD32BB09D0E00AC35F6 /* Preview Assets.xcassets in Resources */ = {isa = PBXBuildFile; fileRef = DA4CECD22BB09D0E00AC35F6 /* Preview Assets.xcassets */; };
		DA4CED122BB2075A00AC35F6 /* SettingsView.swift in Sources */ = {isa = PBXBuildFile; fileRef = DA4CED112BB2075A00AC35F6 /* SettingsView.swift */; };
		DA4CED372BBA1ED100AC35F6 /* DetailView.swift in Sources */ = {isa = PBXBuildFile; fileRef = DA4CED362BBA1ED100AC35F6 /* DetailView.swift */; };
		DA4CED392BBA1F3800AC35F6 /* WebView.swift in Sources */ = {isa = PBXBuildFile; fileRef = DA4CED382BBA1F3800AC35F6 /* WebView.swift */; };
		DA4CED3B2BBB422100AC35F6 /* Job.swift in Sources */ = {isa = PBXBuildFile; fileRef = DA4CED3A2BBB422100AC35F6 /* Job.swift */; };
		DA4CED3D2BBC60C500AC35F6 /* Extensions.swift in Sources */ = {isa = PBXBuildFile; fileRef = DA4CED3C2BBC60C500AC35F6 /* Extensions.swift */; };
		DA4CED3F2BBC627200AC35F6 /* ListView.swift in Sources */ = {isa = PBXBuildFile; fileRef = DA4CED3E2BBC627200AC35F6 /* ListView.swift */; };
		DA4CED412BBC73AE00AC35F6 /* CommentsView.swift in Sources */ = {isa = PBXBuildFile; fileRef = DA4CED402BBC73AE00AC35F6 /* CommentsView.swift */; };
		DADA918A2BF4171600429FB6 /* ColorThemes.xcassets in Resources */ = {isa = PBXBuildFile; fileRef = DADA91892BF4171600429FB6 /* ColorThemes.xcassets */; };
		DADA918B2BF4171600429FB6 /* ColorThemes.xcassets in Resources */ = {isa = PBXBuildFile; fileRef = DADA91892BF4171600429FB6 /* ColorThemes.xcassets */; };
		DADA918D2BF419F000429FB6 /* ThemeManager.swift in Sources */ = {isa = PBXBuildFile; fileRef = DADA918C2BF419F000429FB6 /* ThemeManager.swift */; };
		DADA91912BF41A2200429FB6 /* Theme.swift in Sources */ = {isa = PBXBuildFile; fileRef = DADA91902BF41A2200429FB6 /* Theme.swift */; };
		DADA91922BF41A2200429FB6 /* Theme.swift in Sources */ = {isa = PBXBuildFile; fileRef = DADA91902BF41A2200429FB6 /* Theme.swift */; };
		DADA91942BF41AAB00429FB6 /* ThemeDefinition.swift in Sources */ = {isa = PBXBuildFile; fileRef = DADA91932BF41AAB00429FB6 /* ThemeDefinition.swift */; };
		DADA91952BF41AAB00429FB6 /* ThemeDefinition.swift in Sources */ = {isa = PBXBuildFile; fileRef = DADA91932BF41AAB00429FB6 /* ThemeDefinition.swift */; };
		DADA91972BF4252A00429FB6 /* ThemeSelector.swift in Sources */ = {isa = PBXBuildFile; fileRef = DADA91962BF4252A00429FB6 /* ThemeSelector.swift */; };
		DADA91982BF4252A00429FB6 /* ThemeSelector.swift in Sources */ = {isa = PBXBuildFile; fileRef = DADA91962BF4252A00429FB6 /* ThemeSelector.swift */; };
		DADA91992BF4277D00429FB6 /* ThemeManager.swift in Sources */ = {isa = PBXBuildFile; fileRef = DADA918C2BF419F000429FB6 /* ThemeManager.swift */; };
		DAF95AF32BD821B700024515 /* Assets.xcassets in Resources */ = {isa = PBXBuildFile; fileRef = DAF95AF22BD821B700024515 /* Assets.xcassets */; };
		DAF95AF42BD821B700024515 /* Assets.xcassets in Resources */ = {isa = PBXBuildFile; fileRef = DAF95AF22BD821B700024515 /* Assets.xcassets */; };
/* End PBXBuildFile section */

/* Begin PBXContainerItemProxy section */
		08CAB8E12BB0C171000CE49D /* PBXContainerItemProxy */ = {
			isa = PBXContainerItemProxy;
			containerPortal = DA4CECC02BB09D0C00AC35F6 /* Project object */;
			proxyType = 1;
			remoteGlobalIDString = 08CAB8CE2BB0C170000CE49D;
			remoteInfo = HackerWidgetExtension;
		};
/* End PBXContainerItemProxy section */

/* Begin PBXCopyFilesBuildPhase section */
		08CAB8E72BB0C171000CE49D /* Embed Foundation Extensions */ = {
			isa = PBXCopyFilesBuildPhase;
			buildActionMask = 2147483647;
			dstPath = "";
			dstSubfolderSpec = 13;
			files = (
				08CAB8E32BB0C171000CE49D /* HackerWidgetExtension.appex in Embed Foundation Extensions */,
			);
			name = "Embed Foundation Extensions";
			runOnlyForDeploymentPostprocessing = 0;
		};
/* End PBXCopyFilesBuildPhase section */

/* Begin PBXFileReference section */
		083774612BBCDFFE005E4CBB /* NextItem.swift */ = {isa = PBXFileReference; lastKnownFileType = sourcecode.swift; path = NextItem.swift; sourceTree = "<group>"; };
		083774652BBD1DFA005E4CBB /* Info.plist */ = {isa = PBXFileReference; lastKnownFileType = text.plist; path = Info.plist; sourceTree = "<group>"; };
		0872B5F42BC5CA8C0066FC2B /* SmallWidgetView.swift */ = {isa = PBXFileReference; lastKnownFileType = sourcecode.swift; path = SmallWidgetView.swift; sourceTree = "<group>"; };
		0872B5FA2BC5F8550066FC2B /* MediumWidgetView.swift */ = {isa = PBXFileReference; lastKnownFileType = sourcecode.swift; path = MediumWidgetView.swift; sourceTree = "<group>"; };
		08CAB8C52BB0A029000CE49D /* HackerNewsAPI.swift */ = {isa = PBXFileReference; lastKnownFileType = sourcecode.swift; path = HackerNewsAPI.swift; sourceTree = "<group>"; };
		08CAB8C72BB0AC80000CE49D /* HackerNewsViewModel.swift */ = {isa = PBXFileReference; lastKnownFileType = sourcecode.swift; path = HackerNewsViewModel.swift; sourceTree = "<group>"; };
		08CAB8C92BB0B1F7000CE49D /* Story.swift */ = {isa = PBXFileReference; lastKnownFileType = sourcecode.swift; path = Story.swift; sourceTree = "<group>"; };
		08CAB8CF2BB0C170000CE49D /* HackerWidgetExtension.appex */ = {isa = PBXFileReference; explicitFileType = "wrapper.app-extension"; includeInIndex = 0; path = HackerWidgetExtension.appex; sourceTree = BUILT_PRODUCTS_DIR; };
		08CAB8D12BB0C170000CE49D /* WidgetKit.framework */ = {isa = PBXFileReference; lastKnownFileType = wrapper.framework; name = WidgetKit.framework; path = System/Library/Frameworks/WidgetKit.framework; sourceTree = SDKROOT; };
		08CAB8D32BB0C170000CE49D /* SwiftUI.framework */ = {isa = PBXFileReference; lastKnownFileType = wrapper.framework; name = SwiftUI.framework; path = System/Library/Frameworks/SwiftUI.framework; sourceTree = SDKROOT; };
		08CAB8D62BB0C170000CE49D /* HackerWidgetBundle.swift */ = {isa = PBXFileReference; lastKnownFileType = sourcecode.swift; path = HackerWidgetBundle.swift; sourceTree = "<group>"; };
		08CAB8DA2BB0C170000CE49D /* HackerWidget.swift */ = {isa = PBXFileReference; lastKnownFileType = sourcecode.swift; path = HackerWidget.swift; sourceTree = "<group>"; };
		08CAB8DC2BB0C170000CE49D /* AppIntent.swift */ = {isa = PBXFileReference; lastKnownFileType = sourcecode.swift; path = AppIntent.swift; sourceTree = "<group>"; };
		08CAB8E02BB0C171000CE49D /* Info.plist */ = {isa = PBXFileReference; lastKnownFileType = text.plist.xml; path = Info.plist; sourceTree = "<group>"; };
		DA02D0A92BCED95300E696F1 /* Comment.swift */ = {isa = PBXFileReference; lastKnownFileType = sourcecode.swift; path = Comment.swift; sourceTree = "<group>"; };
		DA2B3AFB2BFBFDD9000AEA2D /* SelectItemType.swift */ = {isa = PBXFileReference; lastKnownFileType = sourcecode.swift; path = SelectItemType.swift; sourceTree = "<group>"; };
		DA4CECC82BB09D0C00AC35F6 /* HNKit.app */ = {isa = PBXFileReference; explicitFileType = wrapper.application; includeInIndex = 0; path = HNKit.app; sourceTree = BUILT_PRODUCTS_DIR; };
		DA4CECCB2BB09D0C00AC35F6 /* WidgetDigestApp.swift */ = {isa = PBXFileReference; lastKnownFileType = sourcecode.swift; path = WidgetDigestApp.swift; sourceTree = "<group>"; };
		DA4CECCD2BB09D0C00AC35F6 /* HomeView.swift */ = {isa = PBXFileReference; lastKnownFileType = sourcecode.swift; path = HomeView.swift; sourceTree = "<group>"; };
		DA4CECD22BB09D0E00AC35F6 /* Preview Assets.xcassets */ = {isa = PBXFileReference; lastKnownFileType = folder.assetcatalog; path = "Preview Assets.xcassets"; sourceTree = "<group>"; };
		DA4CED112BB2075A00AC35F6 /* SettingsView.swift */ = {isa = PBXFileReference; lastKnownFileType = sourcecode.swift; path = SettingsView.swift; sourceTree = "<group>"; };
		DA4CED362BBA1ED100AC35F6 /* DetailView.swift */ = {isa = PBXFileReference; lastKnownFileType = sourcecode.swift; path = DetailView.swift; sourceTree = "<group>"; };
		DA4CED382BBA1F3800AC35F6 /* WebView.swift */ = {isa = PBXFileReference; lastKnownFileType = sourcecode.swift; path = WebView.swift; sourceTree = "<group>"; };
		DA4CED3A2BBB422100AC35F6 /* Job.swift */ = {isa = PBXFileReference; lastKnownFileType = sourcecode.swift; path = Job.swift; sourceTree = "<group>"; };
		DA4CED3C2BBC60C500AC35F6 /* Extensions.swift */ = {isa = PBXFileReference; lastKnownFileType = sourcecode.swift; path = Extensions.swift; sourceTree = "<group>"; };
		DA4CED3E2BBC627200AC35F6 /* ListView.swift */ = {isa = PBXFileReference; lastKnownFileType = sourcecode.swift; path = ListView.swift; sourceTree = "<group>"; };
		DA4CED402BBC73AE00AC35F6 /* CommentsView.swift */ = {isa = PBXFileReference; lastKnownFileType = sourcecode.swift; path = CommentsView.swift; sourceTree = "<group>"; };
		DADA91892BF4171600429FB6 /* ColorThemes.xcassets */ = {isa = PBXFileReference; lastKnownFileType = folder.assetcatalog; path = ColorThemes.xcassets; sourceTree = "<group>"; };
		DADA918C2BF419F000429FB6 /* ThemeManager.swift */ = {isa = PBXFileReference; lastKnownFileType = sourcecode.swift; path = ThemeManager.swift; sourceTree = "<group>"; };
		DADA91902BF41A2200429FB6 /* Theme.swift */ = {isa = PBXFileReference; lastKnownFileType = sourcecode.swift; path = Theme.swift; sourceTree = "<group>"; };
		DADA91932BF41AAB00429FB6 /* ThemeDefinition.swift */ = {isa = PBXFileReference; lastKnownFileType = sourcecode.swift; path = ThemeDefinition.swift; sourceTree = "<group>"; };
		DADA91962BF4252A00429FB6 /* ThemeSelector.swift */ = {isa = PBXFileReference; lastKnownFileType = sourcecode.swift; path = ThemeSelector.swift; sourceTree = "<group>"; };
		DAF95AF22BD821B700024515 /* Assets.xcassets */ = {isa = PBXFileReference; lastKnownFileType = folder.assetcatalog; path = Assets.xcassets; sourceTree = "<group>"; };
/* End PBXFileReference section */

/* Begin PBXFrameworksBuildPhase section */
		08CAB8CC2BB0C170000CE49D /* Frameworks */ = {
			isa = PBXFrameworksBuildPhase;
			buildActionMask = 2147483647;
			files = (
				08CAB8D42BB0C170000CE49D /* SwiftUI.framework in Frameworks */,
				08CAB8D22BB0C170000CE49D /* WidgetKit.framework in Frameworks */,
			);
			runOnlyForDeploymentPostprocessing = 0;
		};
		DA4CECC52BB09D0C00AC35F6 /* Frameworks */ = {
			isa = PBXFrameworksBuildPhase;
			buildActionMask = 2147483647;
			files = (
			);
			runOnlyForDeploymentPostprocessing = 0;
		};
/* End PBXFrameworksBuildPhase section */

/* Begin PBXGroup section */
		083774602BBCDF93005E4CBB /* Intents */ = {
			isa = PBXGroup;
			children = (
				083774612BBCDFFE005E4CBB /* NextItem.swift */,
				DA2B3AFB2BFBFDD9000AEA2D /* SelectItemType.swift */,
			);
			path = Intents;
			sourceTree = "<group>";
		};
		0872B5F32BC5CA760066FC2B /* WidgetViews */ = {
			isa = PBXGroup;
			children = (
				0872B5F42BC5CA8C0066FC2B /* SmallWidgetView.swift */,
				0872B5FA2BC5F8550066FC2B /* MediumWidgetView.swift */,
			);
			path = WidgetViews;
			sourceTree = "<group>";
		};
		08CAB8C02BB09F27000CE49D /* Models */ = {
			isa = PBXGroup;
			children = (
				08CAB8C92BB0B1F7000CE49D /* Story.swift */,
				DA4CED3A2BBB422100AC35F6 /* Job.swift */,
				DA02D0A92BCED95300E696F1 /* Comment.swift */,
			);
			path = Models;
			sourceTree = "<group>";
		};
		08CAB8C12BB09F38000CE49D /* Services */ = {
			isa = PBXGroup;
			children = (
				08CAB8C52BB0A029000CE49D /* HackerNewsAPI.swift */,
				DA4CED3C2BBC60C500AC35F6 /* Extensions.swift */,
			);
			path = Services;
			sourceTree = "<group>";
		};
		08CAB8C22BB09F64000CE49D /* ViewModels */ = {
			isa = PBXGroup;
			children = (
				08CAB8C72BB0AC80000CE49D /* HackerNewsViewModel.swift */,
			);
			path = ViewModels;
			sourceTree = "<group>";
		};
		08CAB8C32BB09F6E000CE49D /* Views */ = {
			isa = PBXGroup;
			children = (
				DA4CECCD2BB09D0C00AC35F6 /* HomeView.swift */,
				DA4CED112BB2075A00AC35F6 /* SettingsView.swift */,
				DA4CED362BBA1ED100AC35F6 /* DetailView.swift */,
				DA4CED382BBA1F3800AC35F6 /* WebView.swift */,
				DA4CED3E2BBC627200AC35F6 /* ListView.swift */,
				DA4CED402BBC73AE00AC35F6 /* CommentsView.swift */,
			);
			path = Views;
			sourceTree = "<group>";
		};
		08CAB8C42BB09F77000CE49D /* Assets */ = {
			isa = PBXGroup;
			children = (
				DAF95AF22BD821B700024515 /* Assets.xcassets */,
				DADA91892BF4171600429FB6 /* ColorThemes.xcassets */,
			);
			path = Assets;
			sourceTree = "<group>";
		};
		08CAB8D02BB0C170000CE49D /* Frameworks */ = {
			isa = PBXGroup;
			children = (
				08CAB8D12BB0C170000CE49D /* WidgetKit.framework */,
				08CAB8D32BB0C170000CE49D /* SwiftUI.framework */,
			);
			name = Frameworks;
			sourceTree = "<group>";
		};
		08CAB8D52BB0C170000CE49D /* HackerWidget */ = {
			isa = PBXGroup;
			children = (
				0872B5F32BC5CA760066FC2B /* WidgetViews */,
				08CAB8D62BB0C170000CE49D /* HackerWidgetBundle.swift */,
				08CAB8DA2BB0C170000CE49D /* HackerWidget.swift */,
				08CAB8DC2BB0C170000CE49D /* AppIntent.swift */,
				08CAB8E02BB0C171000CE49D /* Info.plist */,
			);
			path = HackerWidget;
			sourceTree = "<group>";
		};
		DA4CECBF2BB09D0C00AC35F6 = {
			isa = PBXGroup;
			children = (
				083774602BBCDF93005E4CBB /* Intents */,
				DA4CECCA2BB09D0C00AC35F6 /* HNKit */,
				08CAB8D52BB0C170000CE49D /* HackerWidget */,
				08CAB8D02BB0C170000CE49D /* Frameworks */,
				DA4CECC92BB09D0C00AC35F6 /* Products */,
			);
			sourceTree = "<group>";
		};
		DA4CECC92BB09D0C00AC35F6 /* Products */ = {
			isa = PBXGroup;
			children = (
				DA4CECC82BB09D0C00AC35F6 /* HNKit.app */,
				08CAB8CF2BB0C170000CE49D /* HackerWidgetExtension.appex */,
			);
			name = Products;
			sourceTree = "<group>";
		};
		DA4CECCA2BB09D0C00AC35F6 /* HNKit */ = {
			isa = PBXGroup;
			children = (
				DADA918F2BF41A0D00429FB6 /* Themes */,
				083774652BBD1DFA005E4CBB /* Info.plist */,
				DA4CECCB2BB09D0C00AC35F6 /* WidgetDigestApp.swift */,
				08CAB8C42BB09F77000CE49D /* Assets */,
				08CAB8C32BB09F6E000CE49D /* Views */,
				08CAB8C22BB09F64000CE49D /* ViewModels */,
				08CAB8C12BB09F38000CE49D /* Services */,
				08CAB8C02BB09F27000CE49D /* Models */,
				DA4CECD12BB09D0E00AC35F6 /* Preview Content */,
			);
			path = HNKit;
			sourceTree = "<group>";
		};
		DA4CECD12BB09D0E00AC35F6 /* Preview Content */ = {
			isa = PBXGroup;
			children = (
				DA4CECD22BB09D0E00AC35F6 /* Preview Assets.xcassets */,
			);
			path = "Preview Content";
			sourceTree = "<group>";
		};
		DADA918F2BF41A0D00429FB6 /* Themes */ = {
			isa = PBXGroup;
			children = (
				DADA918C2BF419F000429FB6 /* ThemeManager.swift */,
				DADA91902BF41A2200429FB6 /* Theme.swift */,
				DADA91932BF41AAB00429FB6 /* ThemeDefinition.swift */,
				DADA91962BF4252A00429FB6 /* ThemeSelector.swift */,
			);
			path = Themes;
			sourceTree = "<group>";
		};
/* End PBXGroup section */

/* Begin PBXNativeTarget section */
		08CAB8CE2BB0C170000CE49D /* HackerWidgetExtension */ = {
			isa = PBXNativeTarget;
			buildConfigurationList = 08CAB8E42BB0C171000CE49D /* Build configuration list for PBXNativeTarget "HackerWidgetExtension" */;
			buildPhases = (
				08CAB8CB2BB0C170000CE49D /* Sources */,
				08CAB8CC2BB0C170000CE49D /* Frameworks */,
				08CAB8CD2BB0C170000CE49D /* Resources */,
			);
			buildRules = (
			);
			dependencies = (
			);
			name = HackerWidgetExtension;
			packageProductDependencies = (
			);
			productName = HackerWidgetExtension;
			productReference = 08CAB8CF2BB0C170000CE49D /* HackerWidgetExtension.appex */;
			productType = "com.apple.product-type.app-extension";
		};
		DA4CECC72BB09D0C00AC35F6 /* HNKit */ = {
			isa = PBXNativeTarget;
			buildConfigurationList = DA4CECD62BB09D0E00AC35F6 /* Build configuration list for PBXNativeTarget "HNKit" */;
			buildPhases = (
				DA4CECC42BB09D0C00AC35F6 /* Sources */,
				DA4CECC52BB09D0C00AC35F6 /* Frameworks */,
				DA4CECC62BB09D0C00AC35F6 /* Resources */,
				08CAB8E72BB0C171000CE49D /* Embed Foundation Extensions */,
			);
			buildRules = (
			);
			dependencies = (
				08CAB8E22BB0C171000CE49D /* PBXTargetDependency */,
			);
			name = HNKit;
			packageProductDependencies = (
			);
			productName = WidgetDigest;
			productReference = DA4CECC82BB09D0C00AC35F6 /* HNKit.app */;
			productType = "com.apple.product-type.application";
		};
/* End PBXNativeTarget section */

/* Begin PBXProject section */
		DA4CECC02BB09D0C00AC35F6 /* Project object */ = {
			isa = PBXProject;
			attributes = {
				BuildIndependentTargetsInParallel = 1;
				LastSwiftUpdateCheck = 1530;
				LastUpgradeCheck = 1520;
				TargetAttributes = {
					08CAB8CE2BB0C170000CE49D = {
						CreatedOnToolsVersion = 15.3;
					};
					DA4CECC72BB09D0C00AC35F6 = {
						CreatedOnToolsVersion = 15.2;
					};
				};
			};
			buildConfigurationList = DA4CECC32BB09D0C00AC35F6 /* Build configuration list for PBXProject "ObserveHN" */;
			compatibilityVersion = "Xcode 14.0";
			developmentRegion = en;
			hasScannedForEncodings = 0;
			knownRegions = (
				en,
				Base,
			);
			mainGroup = DA4CECBF2BB09D0C00AC35F6;
			packageReferences = (
			);
			productRefGroup = DA4CECC92BB09D0C00AC35F6 /* Products */;
			projectDirPath = "";
			projectRoot = "";
			targets = (
				DA4CECC72BB09D0C00AC35F6 /* HNKit */,
				08CAB8CE2BB0C170000CE49D /* HackerWidgetExtension */,
			);
		};
/* End PBXProject section */

/* Begin PBXResourcesBuildPhase section */
		08CAB8CD2BB0C170000CE49D /* Resources */ = {
			isa = PBXResourcesBuildPhase;
			buildActionMask = 2147483647;
			files = (
				DAF95AF42BD821B700024515 /* Assets.xcassets in Resources */,
				DADA918B2BF4171600429FB6 /* ColorThemes.xcassets in Resources */,
			);
			runOnlyForDeploymentPostprocessing = 0;
		};
		DA4CECC62BB09D0C00AC35F6 /* Resources */ = {
			isa = PBXResourcesBuildPhase;
			buildActionMask = 2147483647;
			files = (
				DA4CECD32BB09D0E00AC35F6 /* Preview Assets.xcassets in Resources */,
				DADA918A2BF4171600429FB6 /* ColorThemes.xcassets in Resources */,
				DAF95AF32BD821B700024515 /* Assets.xcassets in Resources */,
			);
			runOnlyForDeploymentPostprocessing = 0;
		};
/* End PBXResourcesBuildPhase section */

/* Begin PBXSourcesBuildPhase section */
		08CAB8CB2BB0C170000CE49D /* Sources */ = {
			isa = PBXSourcesBuildPhase;
			buildActionMask = 2147483647;
			files = (
				0837745D2BBCD019005E4CBB /* HackerNewsAPI.swift in Sources */,
				08CAB8DB2BB0C170000CE49D /* HackerWidget.swift in Sources */,
				DADA91982BF4252A00429FB6 /* ThemeSelector.swift in Sources */,
				08CAB8DD2BB0C170000CE49D /* AppIntent.swift in Sources */,
				DADA91952BF41AAB00429FB6 /* ThemeDefinition.swift in Sources */,
				08CAB8D72BB0C170000CE49D /* HackerWidgetBundle.swift in Sources */,
				0837745F2BBCD023005E4CBB /* HackerNewsViewModel.swift in Sources */,
				DA2B3AFC2BFBFDD9000AEA2D /* SelectItemType.swift in Sources */,
				0872B5F62BC5CB040066FC2B /* SmallWidgetView.swift in Sources */,
				0837745B2BBCD010005E4CBB /* Job.swift in Sources */,
				DADA91992BF4277D00429FB6 /* ThemeManager.swift in Sources */,
				0837745C2BBCD013005E4CBB /* Story.swift in Sources */,
				0872B5FC2BC5F8A40066FC2B /* MediumWidgetView.swift in Sources */,
				083774632BBCE24B005E4CBB /* NextItem.swift in Sources */,
				DA02D0AB2BCED95300E696F1 /* Comment.swift in Sources */,
				0837745E2BBCD01C005E4CBB /* Extensions.swift in Sources */,
				DADA91922BF41A2200429FB6 /* Theme.swift in Sources */,
			);
			runOnlyForDeploymentPostprocessing = 0;
		};
		DA4CECC42BB09D0C00AC35F6 /* Sources */ = {
			isa = PBXSourcesBuildPhase;
			buildActionMask = 2147483647;
			files = (
				DA4CED122BB2075A00AC35F6 /* SettingsView.swift in Sources */,
				DA4CED392BBA1F3800AC35F6 /* WebView.swift in Sources */,
				DA4CED412BBC73AE00AC35F6 /* CommentsView.swift in Sources */,
				DA4CECCE2BB09D0C00AC35F6 /* HomeView.swift in Sources */,
				DA4CECCC2BB09D0C00AC35F6 /* WidgetDigestApp.swift in Sources */,
				DA4CED3B2BBB422100AC35F6 /* Job.swift in Sources */,
				DA4CED372BBA1ED100AC35F6 /* DetailView.swift in Sources */,
				08CAB8C62BB0A029000CE49D /* HackerNewsAPI.swift in Sources */,
				DA02D0AA2BCED95300E696F1 /* Comment.swift in Sources */,
				DADA91972BF4252A00429FB6 /* ThemeSelector.swift in Sources */,
				DA4CED3D2BBC60C500AC35F6 /* Extensions.swift in Sources */,
				DA4CED3F2BBC627200AC35F6 /* ListView.swift in Sources */,
				08CAB8C82BB0AC80000CE49D /* HackerNewsViewModel.swift in Sources */,
				DADA91942BF41AAB00429FB6 /* ThemeDefinition.swift in Sources */,
				DADA91912BF41A2200429FB6 /* Theme.swift in Sources */,
				08CAB8CA2BB0B1F7000CE49D /* Story.swift in Sources */,
				DADA918D2BF419F000429FB6 /* ThemeManager.swift in Sources */,
			);
			runOnlyForDeploymentPostprocessing = 0;
		};
/* End PBXSourcesBuildPhase section */

/* Begin PBXTargetDependency section */
		08CAB8E22BB0C171000CE49D /* PBXTargetDependency */ = {
			isa = PBXTargetDependency;
			target = 08CAB8CE2BB0C170000CE49D /* HackerWidgetExtension */;
			targetProxy = 08CAB8E12BB0C171000CE49D /* PBXContainerItemProxy */;
		};
/* End PBXTargetDependency section */

/* Begin XCBuildConfiguration section */
		08CAB8E52BB0C171000CE49D /* Debug */ = {
			isa = XCBuildConfiguration;
			buildSettings = {
				ASSETCATALOG_COMPILER_GLOBAL_ACCENT_COLOR_NAME = AccentColor;
				ASSETCATALOG_COMPILER_WIDGET_BACKGROUND_COLOR_NAME = WidgetBackground;
				CODE_SIGN_STYLE = Automatic;
				CURRENT_PROJECT_VERSION = 1;
				DEVELOPMENT_TEAM = 58FVWHG353;
				GENERATE_INFOPLIST_FILE = YES;
				INFOPLIST_FILE = HackerWidget/Info.plist;
				INFOPLIST_KEY_CFBundleDisplayName = HackerWidget;
				INFOPLIST_KEY_NSHumanReadableCopyright = "";
				IPHONEOS_DEPLOYMENT_TARGET = 17.0;
				LD_RUNPATH_SEARCH_PATHS = (
					"$(inherited)",
					"@executable_path/Frameworks",
					"@executable_path/../../Frameworks",
				);
				MARKETING_VERSION = 1.0;
				PRODUCT_BUNDLE_IDENTIFIER = "com.thirteen-nineteen.HNKit.HackerWidget";
				PRODUCT_NAME = "$(TARGET_NAME)";
				SKIP_INSTALL = YES;
				SWIFT_EMIT_LOC_STRINGS = YES;
				SWIFT_VERSION = 5.0;
				TARGETED_DEVICE_FAMILY = "1,2";
			};
			name = Debug;
		};
		08CAB8E62BB0C171000CE49D /* Release */ = {
			isa = XCBuildConfiguration;
			buildSettings = {
				ASSETCATALOG_COMPILER_GLOBAL_ACCENT_COLOR_NAME = AccentColor;
				ASSETCATALOG_COMPILER_WIDGET_BACKGROUND_COLOR_NAME = WidgetBackground;
				CODE_SIGN_STYLE = Automatic;
				CURRENT_PROJECT_VERSION = 1;
				DEVELOPMENT_TEAM = 58FVWHG353;
				GENERATE_INFOPLIST_FILE = YES;
				INFOPLIST_FILE = HackerWidget/Info.plist;
				INFOPLIST_KEY_CFBundleDisplayName = HackerWidget;
				INFOPLIST_KEY_NSHumanReadableCopyright = "";
				IPHONEOS_DEPLOYMENT_TARGET = 17.0;
				LD_RUNPATH_SEARCH_PATHS = (
					"$(inherited)",
					"@executable_path/Frameworks",
					"@executable_path/../../Frameworks",
				);
				MARKETING_VERSION = 1.0;
				PRODUCT_BUNDLE_IDENTIFIER = "com.thirteen-nineteen.HNKit.HackerWidget";
				PRODUCT_NAME = "$(TARGET_NAME)";
				SKIP_INSTALL = YES;
				SWIFT_EMIT_LOC_STRINGS = YES;
				SWIFT_VERSION = 5.0;
				TARGETED_DEVICE_FAMILY = "1,2";
			};
			name = Release;
		};
		DA4CECD42BB09D0E00AC35F6 /* Debug */ = {
			isa = XCBuildConfiguration;
			buildSettings = {
				ALWAYS_SEARCH_USER_PATHS = NO;
				ASSETCATALOG_COMPILER_GENERATE_SWIFT_ASSET_SYMBOL_EXTENSIONS = YES;
				CLANG_ANALYZER_NONNULL = YES;
				CLANG_ANALYZER_NUMBER_OBJECT_CONVERSION = YES_AGGRESSIVE;
				CLANG_CXX_LANGUAGE_STANDARD = "gnu++20";
				CLANG_ENABLE_MODULES = YES;
				CLANG_ENABLE_OBJC_ARC = YES;
				CLANG_ENABLE_OBJC_WEAK = YES;
				CLANG_WARN_BLOCK_CAPTURE_AUTORELEASING = YES;
				CLANG_WARN_BOOL_CONVERSION = YES;
				CLANG_WARN_COMMA = YES;
				CLANG_WARN_CONSTANT_CONVERSION = YES;
				CLANG_WARN_DEPRECATED_OBJC_IMPLEMENTATIONS = YES;
				CLANG_WARN_DIRECT_OBJC_ISA_USAGE = YES_ERROR;
				CLANG_WARN_DOCUMENTATION_COMMENTS = YES;
				CLANG_WARN_EMPTY_BODY = YES;
				CLANG_WARN_ENUM_CONVERSION = YES;
				CLANG_WARN_INFINITE_RECURSION = YES;
				CLANG_WARN_INT_CONVERSION = YES;
				CLANG_WARN_NON_LITERAL_NULL_CONVERSION = YES;
				CLANG_WARN_OBJC_IMPLICIT_RETAIN_SELF = YES;
				CLANG_WARN_OBJC_LITERAL_CONVERSION = YES;
				CLANG_WARN_OBJC_ROOT_CLASS = YES_ERROR;
				CLANG_WARN_QUOTED_INCLUDE_IN_FRAMEWORK_HEADER = YES;
				CLANG_WARN_RANGE_LOOP_ANALYSIS = YES;
				CLANG_WARN_STRICT_PROTOTYPES = YES;
				CLANG_WARN_SUSPICIOUS_MOVE = YES;
				CLANG_WARN_UNGUARDED_AVAILABILITY = YES_AGGRESSIVE;
				CLANG_WARN_UNREACHABLE_CODE = YES;
				CLANG_WARN__DUPLICATE_METHOD_MATCH = YES;
				COPY_PHASE_STRIP = NO;
				DEBUG_INFORMATION_FORMAT = dwarf;
				ENABLE_STRICT_OBJC_MSGSEND = YES;
				ENABLE_TESTABILITY = YES;
				ENABLE_USER_SCRIPT_SANDBOXING = YES;
				GCC_C_LANGUAGE_STANDARD = gnu17;
				GCC_DYNAMIC_NO_PIC = NO;
				GCC_NO_COMMON_BLOCKS = YES;
				GCC_OPTIMIZATION_LEVEL = 0;
				GCC_PREPROCESSOR_DEFINITIONS = (
					"DEBUG=1",
					"$(inherited)",
				);
				GCC_WARN_64_TO_32_BIT_CONVERSION = YES;
				GCC_WARN_ABOUT_RETURN_TYPE = YES_ERROR;
				GCC_WARN_UNDECLARED_SELECTOR = YES;
				GCC_WARN_UNINITIALIZED_AUTOS = YES_AGGRESSIVE;
				GCC_WARN_UNUSED_FUNCTION = YES;
				GCC_WARN_UNUSED_VARIABLE = YES;
				IPHONEOS_DEPLOYMENT_TARGET = 17.2;
				LOCALIZATION_PREFERS_STRING_CATALOGS = YES;
				MTL_ENABLE_DEBUG_INFO = INCLUDE_SOURCE;
				MTL_FAST_MATH = YES;
				ONLY_ACTIVE_ARCH = YES;
				SDKROOT = iphoneos;
				SWIFT_ACTIVE_COMPILATION_CONDITIONS = "DEBUG $(inherited)";
				SWIFT_OPTIMIZATION_LEVEL = "-Onone";
			};
			name = Debug;
		};
		DA4CECD52BB09D0E00AC35F6 /* Release */ = {
			isa = XCBuildConfiguration;
			buildSettings = {
				ALWAYS_SEARCH_USER_PATHS = NO;
				ASSETCATALOG_COMPILER_GENERATE_SWIFT_ASSET_SYMBOL_EXTENSIONS = YES;
				CLANG_ANALYZER_NONNULL = YES;
				CLANG_ANALYZER_NUMBER_OBJECT_CONVERSION = YES_AGGRESSIVE;
				CLANG_CXX_LANGUAGE_STANDARD = "gnu++20";
				CLANG_ENABLE_MODULES = YES;
				CLANG_ENABLE_OBJC_ARC = YES;
				CLANG_ENABLE_OBJC_WEAK = YES;
				CLANG_WARN_BLOCK_CAPTURE_AUTORELEASING = YES;
				CLANG_WARN_BOOL_CONVERSION = YES;
				CLANG_WARN_COMMA = YES;
				CLANG_WARN_CONSTANT_CONVERSION = YES;
				CLANG_WARN_DEPRECATED_OBJC_IMPLEMENTATIONS = YES;
				CLANG_WARN_DIRECT_OBJC_ISA_USAGE = YES_ERROR;
				CLANG_WARN_DOCUMENTATION_COMMENTS = YES;
				CLANG_WARN_EMPTY_BODY = YES;
				CLANG_WARN_ENUM_CONVERSION = YES;
				CLANG_WARN_INFINITE_RECURSION = YES;
				CLANG_WARN_INT_CONVERSION = YES;
				CLANG_WARN_NON_LITERAL_NULL_CONVERSION = YES;
				CLANG_WARN_OBJC_IMPLICIT_RETAIN_SELF = YES;
				CLANG_WARN_OBJC_LITERAL_CONVERSION = YES;
				CLANG_WARN_OBJC_ROOT_CLASS = YES_ERROR;
				CLANG_WARN_QUOTED_INCLUDE_IN_FRAMEWORK_HEADER = YES;
				CLANG_WARN_RANGE_LOOP_ANALYSIS = YES;
				CLANG_WARN_STRICT_PROTOTYPES = YES;
				CLANG_WARN_SUSPICIOUS_MOVE = YES;
				CLANG_WARN_UNGUARDED_AVAILABILITY = YES_AGGRESSIVE;
				CLANG_WARN_UNREACHABLE_CODE = YES;
				CLANG_WARN__DUPLICATE_METHOD_MATCH = YES;
				COPY_PHASE_STRIP = NO;
				DEBUG_INFORMATION_FORMAT = "dwarf-with-dsym";
				ENABLE_NS_ASSERTIONS = NO;
				ENABLE_STRICT_OBJC_MSGSEND = YES;
				ENABLE_USER_SCRIPT_SANDBOXING = YES;
				GCC_C_LANGUAGE_STANDARD = gnu17;
				GCC_NO_COMMON_BLOCKS = YES;
				GCC_WARN_64_TO_32_BIT_CONVERSION = YES;
				GCC_WARN_ABOUT_RETURN_TYPE = YES_ERROR;
				GCC_WARN_UNDECLARED_SELECTOR = YES;
				GCC_WARN_UNINITIALIZED_AUTOS = YES_AGGRESSIVE;
				GCC_WARN_UNUSED_FUNCTION = YES;
				GCC_WARN_UNUSED_VARIABLE = YES;
				IPHONEOS_DEPLOYMENT_TARGET = 17.2;
				LOCALIZATION_PREFERS_STRING_CATALOGS = YES;
				MTL_ENABLE_DEBUG_INFO = NO;
				MTL_FAST_MATH = YES;
				SDKROOT = iphoneos;
				SWIFT_COMPILATION_MODE = wholemodule;
				VALIDATE_PRODUCT = YES;
			};
			name = Release;
		};
		DA4CECD72BB09D0E00AC35F6 /* Debug */ = {
			isa = XCBuildConfiguration;
			buildSettings = {
				ALWAYS_EMBED_SWIFT_STANDARD_LIBRARIES = YES;
				ASSETCATALOG_COMPILER_APPICON_NAME = AppIcon;
				ASSETCATALOG_COMPILER_GLOBAL_ACCENT_COLOR_NAME = AccentColor;
				ASSETCATALOG_COMPILER_INCLUDE_ALL_APPICON_ASSETS = YES;
				CODE_SIGN_STYLE = Automatic;
				CURRENT_PROJECT_VERSION = 1;
				DEVELOPMENT_ASSET_PATHS = "\"HNKit/Preview Content\"";
				DEVELOPMENT_TEAM = 58FVWHG353;
				ENABLE_PREVIEWS = YES;
				GENERATE_INFOPLIST_FILE = YES;
				INFOPLIST_FILE = HNKit/Info.plist;
				INFOPLIST_KEY_UIApplicationSceneManifest_Generation = YES;
				INFOPLIST_KEY_UIApplicationSupportsIndirectInputEvents = YES;
				INFOPLIST_KEY_UILaunchScreen_Generation = YES;
				INFOPLIST_KEY_UISupportedInterfaceOrientations = "UIInterfaceOrientationPortrait UIInterfaceOrientationPortraitUpsideDown";
				INFOPLIST_KEY_UISupportedInterfaceOrientations_iPad = "UIInterfaceOrientationLandscapeLeft UIInterfaceOrientationLandscapeRight UIInterfaceOrientationPortrait UIInterfaceOrientationPortraitUpsideDown";
				IPHONEOS_DEPLOYMENT_TARGET = 17.0;
				LD_RUNPATH_SEARCH_PATHS = (
					"$(inherited)",
					"@executable_path/Frameworks",
				);
				MARKETING_VERSION = 1.0;
				PRODUCT_BUNDLE_IDENTIFIER = "com.thirteen-nineteen.HNKit";
				PRODUCT_NAME = "$(TARGET_NAME)";
				SWIFT_EMIT_LOC_STRINGS = YES;
				SWIFT_VERSION = 5.0;
				TARGETED_DEVICE_FAMILY = "1,2";
			};
			name = Debug;
		};
		DA4CECD82BB09D0E00AC35F6 /* Release */ = {
			isa = XCBuildConfiguration;
			buildSettings = {
				ALWAYS_EMBED_SWIFT_STANDARD_LIBRARIES = YES;
				ASSETCATALOG_COMPILER_APPICON_NAME = AppIcon;
				ASSETCATALOG_COMPILER_GLOBAL_ACCENT_COLOR_NAME = AccentColor;
				ASSETCATALOG_COMPILER_INCLUDE_ALL_APPICON_ASSETS = YES;
				CODE_SIGN_STYLE = Automatic;
				CURRENT_PROJECT_VERSION = 1;
				DEVELOPMENT_ASSET_PATHS = "\"HNKit/Preview Content\"";
				DEVELOPMENT_TEAM = 58FVWHG353;
				ENABLE_PREVIEWS = YES;
				GENERATE_INFOPLIST_FILE = YES;
				INFOPLIST_FILE = HNKit/Info.plist;
				INFOPLIST_KEY_UIApplicationSceneManifest_Generation = YES;
				INFOPLIST_KEY_UIApplicationSupportsIndirectInputEvents = YES;
				INFOPLIST_KEY_UILaunchScreen_Generation = YES;
				INFOPLIST_KEY_UISupportedInterfaceOrientations = "UIInterfaceOrientationPortrait UIInterfaceOrientationPortraitUpsideDown";
				INFOPLIST_KEY_UISupportedInterfaceOrientations_iPad = "UIInterfaceOrientationLandscapeLeft UIInterfaceOrientationLandscapeRight UIInterfaceOrientationPortrait UIInterfaceOrientationPortraitUpsideDown";
				IPHONEOS_DEPLOYMENT_TARGET = 17.0;
				LD_RUNPATH_SEARCH_PATHS = (
					"$(inherited)",
					"@executable_path/Frameworks",
				);
				MARKETING_VERSION = 1.0;
				PRODUCT_BUNDLE_IDENTIFIER = "com.thirteen-nineteen.HNKit";
				PRODUCT_NAME = "$(TARGET_NAME)";
				SWIFT_EMIT_LOC_STRINGS = YES;
				SWIFT_VERSION = 5.0;
				TARGETED_DEVICE_FAMILY = "1,2";
			};
			name = Release;
		};
/* End XCBuildConfiguration section */

/* Begin XCConfigurationList section */
		08CAB8E42BB0C171000CE49D /* Build configuration list for PBXNativeTarget "HackerWidgetExtension" */ = {
			isa = XCConfigurationList;
			buildConfigurations = (
				08CAB8E52BB0C171000CE49D /* Debug */,
				08CAB8E62BB0C171000CE49D /* Release */,
			);
			defaultConfigurationIsVisible = 0;
			defaultConfigurationName = Release;
		};
		DA4CECC32BB09D0C00AC35F6 /* Build configuration list for PBXProject "ObserveHN" */ = {
			isa = XCConfigurationList;
			buildConfigurations = (
				DA4CECD42BB09D0E00AC35F6 /* Debug */,
				DA4CECD52BB09D0E00AC35F6 /* Release */,
			);
			defaultConfigurationIsVisible = 0;
			defaultConfigurationName = Release;
		};
		DA4CECD62BB09D0E00AC35F6 /* Build configuration list for PBXNativeTarget "HNKit" */ = {
			isa = XCConfigurationList;
			buildConfigurations = (
				DA4CECD72BB09D0E00AC35F6 /* Debug */,
				DA4CECD82BB09D0E00AC35F6 /* Release */,
			);
			defaultConfigurationIsVisible = 0;
			defaultConfigurationName = Release;
		};
/* End XCConfigurationList section */
	};
	rootObject = DA4CECC02BB09D0C00AC35F6 /* Project object */;
}
